// !$*UTF8*$!
{
	archiveVersion = 1;
	classes = {
	};
	objectVersion = 46;
	objects = {

/* Begin PBXBuildFile section */
		3A1A56061A29D58900F75875 /* main.m in Sources */ = {isa = PBXBuildFile; fileRef = 3A1A56051A29D58900F75875 /* main.m */; };
		3A1A56091A29D58900F75875 /* AppDelegate.m in Sources */ = {isa = PBXBuildFile; fileRef = 3A1A56081A29D58900F75875 /* AppDelegate.m */; };
		3A1A560C1A29D58900F75875 /* ViewController.m in Sources */ = {isa = PBXBuildFile; fileRef = 3A1A560B1A29D58900F75875 /* ViewController.m */; };
		3A1A560F1A29D58900F75875 /* Main.storyboard in Resources */ = {isa = PBXBuildFile; fileRef = 3A1A560D1A29D58900F75875 /* Main.storyboard */; };
		3A1A56111A29D58900F75875 /* Images.xcassets in Resources */ = {isa = PBXBuildFile; fileRef = 3A1A56101A29D58900F75875 /* Images.xcassets */; };
		3A1A56141A29D58900F75875 /* LaunchScreen.xib in Resources */ = {isa = PBXBuildFile; fileRef = 3A1A56121A29D58900F75875 /* LaunchScreen.xib */; };
		3A1A56201A29D58900F75875 /* SugarBuddyTests.m in Sources */ = {isa = PBXBuildFile; fileRef = 3A1A561F1A29D58900F75875 /* SugarBuddyTests.m */; };
		3A1A562B1A29DE1500F75875 /* SUGConstants.m in Sources */ = {isa = PBXBuildFile; fileRef = 3A1A562A1A29DE1500F75875 /* SUGConstants.m */; };
		3A1A562F1A29E04100F75875 /* SUGBeaconManager.m in Sources */ = {isa = PBXBuildFile; fileRef = 3A1A562E1A29E04100F75875 /* SUGBeaconManager.m */; };
		3A1A56321A29E77E00F75875 /* SUGBeaconBroadcaster.m in Sources */ = {isa = PBXBuildFile; fileRef = 3A1A56311A29E77E00F75875 /* SUGBeaconBroadcaster.m */; };
		3A1A56361A29E80C00F75875 /* CoreBluetooth.framework in Frameworks */ = {isa = PBXBuildFile; fileRef = 3A1A56351A29E80C00F75875 /* CoreBluetooth.framework */; };
		3A1A563C1A29ECA700F75875 /* SUGBeaconReceiver.m in Sources */ = {isa = PBXBuildFile; fileRef = 3A1A563B1A29ECA700F75875 /* SUGBeaconReceiver.m */; };
		3A6AEB671A29EEDF0099B376 /* SUGTransactionBuddiesViewController.m in Sources */ = {isa = PBXBuildFile; fileRef = 3A6AEB661A29EEDF0099B376 /* SUGTransactionBuddiesViewController.m */; };
		3A6AEB6D1A29F20C0099B376 /* SUGTransactionBuddiesViewModel.m in Sources */ = {isa = PBXBuildFile; fileRef = 3A6AEB6C1A29F20C0099B376 /* SUGTransactionBuddiesViewModel.m */; };
		3A6AEB701A29F3FC0099B376 /* SUGBuddyViewCell.m in Sources */ = {isa = PBXBuildFile; fileRef = 3A6AEB6F1A29F3FC0099B376 /* SUGBuddyViewCell.m */; };
		C8A6978661C8D9EC5BC4ABAC /* libPods.a in Frameworks */ = {isa = PBXBuildFile; fileRef = DC630F1BE9678E9EB504666E /* libPods.a */; };
/* End PBXBuildFile section */

/* Begin PBXContainerItemProxy section */
		3A1A561A1A29D58900F75875 /* PBXContainerItemProxy */ = {
			isa = PBXContainerItemProxy;
			containerPortal = 3A1A55F81A29D58900F75875 /* Project object */;
			proxyType = 1;
			remoteGlobalIDString = 3A1A55FF1A29D58900F75875;
			remoteInfo = SugarBuddy;
		};
/* End PBXContainerItemProxy section */

/* Begin PBXFileReference section */
		3A1A56001A29D58900F75875 /* SugarBuddy.app */ = {isa = PBXFileReference; explicitFileType = wrapper.application; includeInIndex = 0; path = SugarBuddy.app; sourceTree = BUILT_PRODUCTS_DIR; };
		3A1A56041A29D58900F75875 /* Info.plist */ = {isa = PBXFileReference; lastKnownFileType = text.plist.xml; path = Info.plist; sourceTree = "<group>"; };
		3A1A56051A29D58900F75875 /* main.m */ = {isa = PBXFileReference; lastKnownFileType = sourcecode.c.objc; path = main.m; sourceTree = "<group>"; };
		3A1A56071A29D58900F75875 /* AppDelegate.h */ = {isa = PBXFileReference; lastKnownFileType = sourcecode.c.h; path = AppDelegate.h; sourceTree = "<group>"; };
		3A1A56081A29D58900F75875 /* AppDelegate.m */ = {isa = PBXFileReference; lastKnownFileType = sourcecode.c.objc; path = AppDelegate.m; sourceTree = "<group>"; };
		3A1A560A1A29D58900F75875 /* ViewController.h */ = {isa = PBXFileReference; lastKnownFileType = sourcecode.c.h; path = ViewController.h; sourceTree = "<group>"; };
		3A1A560B1A29D58900F75875 /* ViewController.m */ = {isa = PBXFileReference; lastKnownFileType = sourcecode.c.objc; path = ViewController.m; sourceTree = "<group>"; };
		3A1A560E1A29D58900F75875 /* Base */ = {isa = PBXFileReference; lastKnownFileType = file.storyboard; name = Base; path = Base.lproj/Main.storyboard; sourceTree = "<group>"; };
		3A1A56101A29D58900F75875 /* Images.xcassets */ = {isa = PBXFileReference; lastKnownFileType = folder.assetcatalog; path = Images.xcassets; sourceTree = "<group>"; };
		3A1A56131A29D58900F75875 /* Base */ = {isa = PBXFileReference; lastKnownFileType = file.xib; name = Base; path = Base.lproj/LaunchScreen.xib; sourceTree = "<group>"; };
		3A1A56191A29D58900F75875 /* SugarBuddyTests.xctest */ = {isa = PBXFileReference; explicitFileType = wrapper.cfbundle; includeInIndex = 0; path = SugarBuddyTests.xctest; sourceTree = BUILT_PRODUCTS_DIR; };
		3A1A561E1A29D58900F75875 /* Info.plist */ = {isa = PBXFileReference; lastKnownFileType = text.plist.xml; path = Info.plist; sourceTree = "<group>"; };
		3A1A561F1A29D58900F75875 /* SugarBuddyTests.m */ = {isa = PBXFileReference; lastKnownFileType = sourcecode.c.objc; path = SugarBuddyTests.m; sourceTree = "<group>"; };
		3A1A56291A29DE1500F75875 /* SUGConstants.h */ = {isa = PBXFileReference; fileEncoding = 4; lastKnownFileType = sourcecode.c.h; path = SUGConstants.h; sourceTree = "<group>"; };
		3A1A562A1A29DE1500F75875 /* SUGConstants.m */ = {isa = PBXFileReference; fileEncoding = 4; lastKnownFileType = sourcecode.c.objc; path = SUGConstants.m; sourceTree = "<group>"; };
		3A1A562C1A29DF2B00F75875 /* SugarBuddy.pch */ = {isa = PBXFileReference; lastKnownFileType = sourcecode.c.h; path = SugarBuddy.pch; sourceTree = "<group>"; };
		3A1A562D1A29E04100F75875 /* SUGBeaconManager.h */ = {isa = PBXFileReference; fileEncoding = 4; lastKnownFileType = sourcecode.c.h; path = SUGBeaconManager.h; sourceTree = "<group>"; };
		3A1A562E1A29E04100F75875 /* SUGBeaconManager.m */ = {isa = PBXFileReference; fileEncoding = 4; lastKnownFileType = sourcecode.c.objc; path = SUGBeaconManager.m; sourceTree = "<group>"; };
		3A1A56301A29E77E00F75875 /* SUGBeaconBroadcaster.h */ = {isa = PBXFileReference; fileEncoding = 4; lastKnownFileType = sourcecode.c.h; path = SUGBeaconBroadcaster.h; sourceTree = "<group>"; };
		3A1A56311A29E77E00F75875 /* SUGBeaconBroadcaster.m */ = {isa = PBXFileReference; fileEncoding = 4; lastKnownFileType = sourcecode.c.objc; path = SUGBeaconBroadcaster.m; sourceTree = "<group>"; };
		3A1A56351A29E80C00F75875 /* CoreBluetooth.framework */ = {isa = PBXFileReference; lastKnownFileType = wrapper.framework; name = CoreBluetooth.framework; path = System/Library/Frameworks/CoreBluetooth.framework; sourceTree = SDKROOT; };
		3A1A563A1A29ECA700F75875 /* SUGBeaconReceiver.h */ = {isa = PBXFileReference; fileEncoding = 4; lastKnownFileType = sourcecode.c.h; path = SUGBeaconReceiver.h; sourceTree = "<group>"; };
		3A1A563B1A29ECA700F75875 /* SUGBeaconReceiver.m */ = {isa = PBXFileReference; fileEncoding = 4; lastKnownFileType = sourcecode.c.objc; path = SUGBeaconReceiver.m; sourceTree = "<group>"; };
		3A6AEB651A29EEDF0099B376 /* SUGTransactionBuddiesViewController.h */ = {isa = PBXFileReference; fileEncoding = 4; lastKnownFileType = sourcecode.c.h; name = SUGTransactionBuddiesViewController.h; path = ViewControllers/SUGTransactionBuddiesViewController.h; sourceTree = "<group>"; };
		3A6AEB661A29EEDF0099B376 /* SUGTransactionBuddiesViewController.m */ = {isa = PBXFileReference; fileEncoding = 4; lastKnownFileType = sourcecode.c.objc; name = SUGTransactionBuddiesViewController.m; path = ViewControllers/SUGTransactionBuddiesViewController.m; sourceTree = "<group>"; };
		3A6AEB6B1A29F20C0099B376 /* SUGTransactionBuddiesViewModel.h */ = {isa = PBXFileReference; fileEncoding = 4; lastKnownFileType = sourcecode.c.h; name = SUGTransactionBuddiesViewModel.h; path = ViewControllers/SUGTransactionBuddiesViewModel.h; sourceTree = "<group>"; };
		3A6AEB6C1A29F20C0099B376 /* SUGTransactionBuddiesViewModel.m */ = {isa = PBXFileReference; fileEncoding = 4; lastKnownFileType = sourcecode.c.objc; name = SUGTransactionBuddiesViewModel.m; path = ViewControllers/SUGTransactionBuddiesViewModel.m; sourceTree = "<group>"; };
		3A6AEB6E1A29F3FC0099B376 /* SUGBuddyViewCell.h */ = {isa = PBXFileReference; fileEncoding = 4; lastKnownFileType = sourcecode.c.h; name = SUGBuddyViewCell.h; path = Views/SUGBuddyViewCell.h; sourceTree = "<group>"; };
		3A6AEB6F1A29F3FC0099B376 /* SUGBuddyViewCell.m */ = {isa = PBXFileReference; fileEncoding = 4; lastKnownFileType = sourcecode.c.objc; name = SUGBuddyViewCell.m; path = Views/SUGBuddyViewCell.m; sourceTree = "<group>"; };
		D7A214477B06C0EFAB81085D /* Pods.release.xcconfig */ = {isa = PBXFileReference; includeInIndex = 1; lastKnownFileType = text.xcconfig; name = Pods.release.xcconfig; path = "Pods/Target Support Files/Pods/Pods.release.xcconfig"; sourceTree = "<group>"; };
		DC630F1BE9678E9EB504666E /* libPods.a */ = {isa = PBXFileReference; explicitFileType = archive.ar; includeInIndex = 0; path = libPods.a; sourceTree = BUILT_PRODUCTS_DIR; };
		EB944253B08D2E8F4B28EB5B /* Pods.debug.xcconfig */ = {isa = PBXFileReference; includeInIndex = 1; lastKnownFileType = text.xcconfig; name = Pods.debug.xcconfig; path = "Pods/Target Support Files/Pods/Pods.debug.xcconfig"; sourceTree = "<group>"; };
/* End PBXFileReference section */

/* Begin PBXFrameworksBuildPhase section */
		3A1A55FD1A29D58900F75875 /* Frameworks */ = {
			isa = PBXFrameworksBuildPhase;
			buildActionMask = 2147483647;
			files = (
				3A1A56361A29E80C00F75875 /* CoreBluetooth.framework in Frameworks */,
				C8A6978661C8D9EC5BC4ABAC /* libPods.a in Frameworks */,
			);
			runOnlyForDeploymentPostprocessing = 0;
		};
		3A1A56161A29D58900F75875 /* Frameworks */ = {
			isa = PBXFrameworksBuildPhase;
			buildActionMask = 2147483647;
			files = (
			);
			runOnlyForDeploymentPostprocessing = 0;
		};
/* End PBXFrameworksBuildPhase section */

/* Begin PBXGroup section */
		3A1A55F71A29D58900F75875 = {
			isa = PBXGroup;
			children = (
				3A1A56021A29D58900F75875 /* SugarBuddy */,
				3A1A561C1A29D58900F75875 /* SugarBuddyTests */,
				3A1A56011A29D58900F75875 /* Products */,
				94BF294C10D3FE72FD738D7A /* Pods */,
				C0548EE6F639B53274E5D801 /* Frameworks */,
			);
			sourceTree = "<group>";
		};
		3A1A56011A29D58900F75875 /* Products */ = {
			isa = PBXGroup;
			children = (
				3A1A56001A29D58900F75875 /* SugarBuddy.app */,
				3A1A56191A29D58900F75875 /* SugarBuddyTests.xctest */,
			);
			name = Products;
			sourceTree = "<group>";
		};
		3A1A56021A29D58900F75875 /* SugarBuddy */ = {
			isa = PBXGroup;
			children = (
				3A6AEB641A29EEB00099B376 /* ViewControllers */,
				3A1A56071A29D58900F75875 /* AppDelegate.h */,
				3A1A56081A29D58900F75875 /* AppDelegate.m */,
				3A1A560A1A29D58900F75875 /* ViewController.h */,
				3A1A560B1A29D58900F75875 /* ViewController.m */,
				3A1A560D1A29D58900F75875 /* Main.storyboard */,
				3A1A56101A29D58900F75875 /* Images.xcassets */,
				3A1A56121A29D58900F75875 /* LaunchScreen.xib */,
				3A1A56031A29D58900F75875 /* Supporting Files */,
				3A1A56291A29DE1500F75875 /* SUGConstants.h */,
				3A1A562A1A29DE1500F75875 /* SUGConstants.m */,
				3A1A562C1A29DF2B00F75875 /* SugarBuddy.pch */,
				3A1A56341A29E79100F75875 /* Beacon */,
				3A6AEB6E1A29F3FC0099B376 /* SUGBuddyViewCell.h */,
				3A6AEB6F1A29F3FC0099B376 /* SUGBuddyViewCell.m */,
			);
			path = SugarBuddy;
			sourceTree = "<group>";
		};
		3A1A56031A29D58900F75875 /* Supporting Files */ = {
			isa = PBXGroup;
			children = (
				3A1A56041A29D58900F75875 /* Info.plist */,
				3A1A56051A29D58900F75875 /* main.m */,
			);
			name = "Supporting Files";
			sourceTree = "<group>";
		};
		3A1A561C1A29D58900F75875 /* SugarBuddyTests */ = {
			isa = PBXGroup;
			children = (
				3A1A561F1A29D58900F75875 /* SugarBuddyTests.m */,
				3A1A561D1A29D58900F75875 /* Supporting Files */,
			);
			path = SugarBuddyTests;
			sourceTree = "<group>";
		};
		3A1A561D1A29D58900F75875 /* Supporting Files */ = {
			isa = PBXGroup;
			children = (
				3A1A561E1A29D58900F75875 /* Info.plist */,
			);
			name = "Supporting Files";
			sourceTree = "<group>";
		};
		3A1A56341A29E79100F75875 /* Beacon */ = {
			isa = PBXGroup;
			children = (
				3A1A562D1A29E04100F75875 /* SUGBeaconManager.h */,
				3A1A562E1A29E04100F75875 /* SUGBeaconManager.m */,
				3A1A56301A29E77E00F75875 /* SUGBeaconBroadcaster.h */,
				3A1A56311A29E77E00F75875 /* SUGBeaconBroadcaster.m */,
				3A1A563A1A29ECA700F75875 /* SUGBeaconReceiver.h */,
				3A1A563B1A29ECA700F75875 /* SUGBeaconReceiver.m */,
			);
			name = Beacon;
			sourceTree = "<group>";
		};
		3A6AEB641A29EEB00099B376 /* ViewControllers */ = {
			isa = PBXGroup;
			children = (
				3A6AEB6B1A29F20C0099B376 /* SUGTransactionBuddiesViewModel.h */,
				3A6AEB6C1A29F20C0099B376 /* SUGTransactionBuddiesViewModel.m */,
				3A6AEB651A29EEDF0099B376 /* SUGTransactionBuddiesViewController.h */,
				3A6AEB661A29EEDF0099B376 /* SUGTransactionBuddiesViewController.m */,
			);
			name = ViewControllers;
			sourceTree = "<group>";
		};
		94BF294C10D3FE72FD738D7A /* Pods */ = {
			isa = PBXGroup;
			children = (
				EB944253B08D2E8F4B28EB5B /* Pods.debug.xcconfig */,
				D7A214477B06C0EFAB81085D /* Pods.release.xcconfig */,
			);
			name = Pods;
			sourceTree = "<group>";
		};
		C0548EE6F639B53274E5D801 /* Frameworks */ = {
			isa = PBXGroup;
			children = (
				3A1A56351A29E80C00F75875 /* CoreBluetooth.framework */,
				DC630F1BE9678E9EB504666E /* libPods.a */,
			);
			name = Frameworks;
			sourceTree = "<group>";
		};
/* End PBXGroup section */

/* Begin PBXNativeTarget section */
		3A1A55FF1A29D58900F75875 /* SugarBuddy */ = {
			isa = PBXNativeTarget;
			buildConfigurationList = 3A1A56231A29D58900F75875 /* Build configuration list for PBXNativeTarget "SugarBuddy" */;
			buildPhases = (
				0E0E5A15718E9F609FC23139 /* Check Pods Manifest.lock */,
				3A1A55FC1A29D58900F75875 /* Sources */,
				3A1A55FD1A29D58900F75875 /* Frameworks */,
				3A1A55FE1A29D58900F75875 /* Resources */,
				54210C68A5DD8E1F77FC268C /* Copy Pods Resources */,
			);
			buildRules = (
			);
			dependencies = (
			);
			name = SugarBuddy;
			productName = SugarBuddy;
			productReference = 3A1A56001A29D58900F75875 /* SugarBuddy.app */;
			productType = "com.apple.product-type.application";
		};
		3A1A56181A29D58900F75875 /* SugarBuddyTests */ = {
			isa = PBXNativeTarget;
			buildConfigurationList = 3A1A56261A29D58900F75875 /* Build configuration list for PBXNativeTarget "SugarBuddyTests" */;
			buildPhases = (
				3A1A56151A29D58900F75875 /* Sources */,
				3A1A56161A29D58900F75875 /* Frameworks */,
				3A1A56171A29D58900F75875 /* Resources */,
			);
			buildRules = (
			);
			dependencies = (
				3A1A561B1A29D58900F75875 /* PBXTargetDependency */,
			);
			name = SugarBuddyTests;
			productName = SugarBuddyTests;
			productReference = 3A1A56191A29D58900F75875 /* SugarBuddyTests.xctest */;
			productType = "com.apple.product-type.bundle.unit-test";
		};
/* End PBXNativeTarget section */

/* Begin PBXProject section */
		3A1A55F81A29D58900F75875 /* Project object */ = {
			isa = PBXProject;
			attributes = {
				LastUpgradeCheck = 0610;
				ORGANIZATIONNAME = "Hector Zarate";
				TargetAttributes = {
					3A1A55FF1A29D58900F75875 = {
						CreatedOnToolsVersion = 6.1;
					};
					3A1A56181A29D58900F75875 = {
						CreatedOnToolsVersion = 6.1;
						TestTargetID = 3A1A55FF1A29D58900F75875;
					};
				};
			};
			buildConfigurationList = 3A1A55FB1A29D58900F75875 /* Build configuration list for PBXProject "SugarBuddy" */;
			compatibilityVersion = "Xcode 3.2";
			developmentRegion = English;
			hasScannedForEncodings = 0;
			knownRegions = (
				en,
				Base,
			);
			mainGroup = 3A1A55F71A29D58900F75875;
			productRefGroup = 3A1A56011A29D58900F75875 /* Products */;
			projectDirPath = "";
			projectRoot = "";
			targets = (
				3A1A55FF1A29D58900F75875 /* SugarBuddy */,
				3A1A56181A29D58900F75875 /* SugarBuddyTests */,
			);
		};
/* End PBXProject section */

/* Begin PBXResourcesBuildPhase section */
		3A1A55FE1A29D58900F75875 /* Resources */ = {
			isa = PBXResourcesBuildPhase;
			buildActionMask = 2147483647;
			files = (
				3A1A560F1A29D58900F75875 /* Main.storyboard in Resources */,
				3A1A56141A29D58900F75875 /* LaunchScreen.xib in Resources */,
				3A1A56111A29D58900F75875 /* Images.xcassets in Resources */,
			);
			runOnlyForDeploymentPostprocessing = 0;
		};
		3A1A56171A29D58900F75875 /* Resources */ = {
			isa = PBXResourcesBuildPhase;
			buildActionMask = 2147483647;
			files = (
			);
			runOnlyForDeploymentPostprocessing = 0;
		};
/* End PBXResourcesBuildPhase section */

/* Begin PBXShellScriptBuildPhase section */
		0E0E5A15718E9F609FC23139 /* Check Pods Manifest.lock */ = {
			isa = PBXShellScriptBuildPhase;
			buildActionMask = 2147483647;
			files = (
			);
			inputPaths = (
			);
			name = "Check Pods Manifest.lock";
			outputPaths = (
			);
			runOnlyForDeploymentPostprocessing = 0;
			shellPath = /bin/sh;
			shellScript = "diff \"${PODS_ROOT}/../Podfile.lock\" \"${PODS_ROOT}/Manifest.lock\" > /dev/null\nif [[ $? != 0 ]] ; then\n    cat << EOM\nerror: The sandbox is not in sync with the Podfile.lock. Run 'pod install' or update your CocoaPods installation.\nEOM\n    exit 1\nfi\n";
			showEnvVarsInLog = 0;
		};
		54210C68A5DD8E1F77FC268C /* Copy Pods Resources */ = {
			isa = PBXShellScriptBuildPhase;
			buildActionMask = 2147483647;
			files = (
			);
			inputPaths = (
			);
			name = "Copy Pods Resources";
			outputPaths = (
			);
			runOnlyForDeploymentPostprocessing = 0;
			shellPath = /bin/sh;
			shellScript = "\"${SRCROOT}/Pods/Target Support Files/Pods/Pods-resources.sh\"\n";
			showEnvVarsInLog = 0;
		};
/* End PBXShellScriptBuildPhase section */

/* Begin PBXSourcesBuildPhase section */
		3A1A55FC1A29D58900F75875 /* Sources */ = {
			isa = PBXSourcesBuildPhase;
			buildActionMask = 2147483647;
			files = (
				3A1A56321A29E77E00F75875 /* SUGBeaconBroadcaster.m in Sources */,
				3A6AEB701A29F3FC0099B376 /* SUGBuddyViewCell.m in Sources */,
				3A1A560C1A29D58900F75875 /* ViewController.m in Sources */,
				3A1A562F1A29E04100F75875 /* SUGBeaconManager.m in Sources */,
				3A1A562B1A29DE1500F75875 /* SUGConstants.m in Sources */,
				3A6AEB671A29EEDF0099B376 /* SUGTransactionBuddiesViewController.m in Sources */,
				3A1A56091A29D58900F75875 /* AppDelegate.m in Sources */,
				3A1A563C1A29ECA700F75875 /* SUGBeaconReceiver.m in Sources */,
				3A1A56061A29D58900F75875 /* main.m in Sources */,
				3A6AEB6D1A29F20C0099B376 /* SUGTransactionBuddiesViewModel.m in Sources */,
			);
			runOnlyForDeploymentPostprocessing = 0;
		};
		3A1A56151A29D58900F75875 /* Sources */ = {
			isa = PBXSourcesBuildPhase;
			buildActionMask = 2147483647;
			files = (
				3A1A56201A29D58900F75875 /* SugarBuddyTests.m in Sources */,
			);
			runOnlyForDeploymentPostprocessing = 0;
		};
/* End PBXSourcesBuildPhase section */

/* Begin PBXTargetDependency section */
		3A1A561B1A29D58900F75875 /* PBXTargetDependency */ = {
			isa = PBXTargetDependency;
			target = 3A1A55FF1A29D58900F75875 /* SugarBuddy */;
			targetProxy = 3A1A561A1A29D58900F75875 /* PBXContainerItemProxy */;
		};
/* End PBXTargetDependency section */

/* Begin PBXVariantGroup section */
		3A1A560D1A29D58900F75875 /* Main.storyboard */ = {
			isa = PBXVariantGroup;
			children = (
				3A1A560E1A29D58900F75875 /* Base */,
			);
			name = Main.storyboard;
			sourceTree = "<group>";
		};
		3A1A56121A29D58900F75875 /* LaunchScreen.xib */ = {
			isa = PBXVariantGroup;
			children = (
				3A1A56131A29D58900F75875 /* Base */,
			);
			name = LaunchScreen.xib;
			sourceTree = "<group>";
		};
/* End PBXVariantGroup section */

/* Begin XCBuildConfiguration section */
		3A1A56211A29D58900F75875 /* Debug */ = {
			isa = XCBuildConfiguration;
			buildSettings = {
				ALWAYS_SEARCH_USER_PATHS = NO;
				CLANG_CXX_LANGUAGE_STANDARD = "gnu++0x";
				CLANG_CXX_LIBRARY = "libc++";
				CLANG_ENABLE_MODULES = YES;
				CLANG_ENABLE_OBJC_ARC = YES;
				CLANG_WARN_BOOL_CONVERSION = YES;
				CLANG_WARN_CONSTANT_CONVERSION = YES;
				CLANG_WARN_DIRECT_OBJC_ISA_USAGE = YES_ERROR;
				CLANG_WARN_EMPTY_BODY = YES;
				CLANG_WARN_ENUM_CONVERSION = YES;
				CLANG_WARN_INT_CONVERSION = YES;
				CLANG_WARN_OBJC_ROOT_CLASS = YES_ERROR;
				CLANG_WARN_UNREACHABLE_CODE = YES;
				CLANG_WARN__DUPLICATE_METHOD_MATCH = YES;
				"CODE_SIGN_IDENTITY[sdk=iphoneos*]" = "iPhone Developer";
				COPY_PHASE_STRIP = NO;
				ENABLE_STRICT_OBJC_MSGSEND = YES;
				GCC_C_LANGUAGE_STANDARD = gnu99;
				GCC_DYNAMIC_NO_PIC = NO;
				GCC_OPTIMIZATION_LEVEL = 0;
				GCC_PREPROCESSOR_DEFINITIONS = (
					"DEBUG=1",
					"$(inherited)",
				);
				GCC_SYMBOLS_PRIVATE_EXTERN = NO;
				GCC_WARN_64_TO_32_BIT_CONVERSION = YES;
				GCC_WARN_ABOUT_RETURN_TYPE = YES_ERROR;
				GCC_WARN_UNDECLARED_SELECTOR = YES;
				GCC_WARN_UNINITIALIZED_AUTOS = YES_AGGRESSIVE;
				GCC_WARN_UNUSED_FUNCTION = YES;
				GCC_WARN_UNUSED_VARIABLE = YES;
				IPHONEOS_DEPLOYMENT_TARGET = 8.1;
				MTL_ENABLE_DEBUG_INFO = YES;
				ONLY_ACTIVE_ARCH = YES;
				SDKROOT = iphoneos;
			};
			name = Debug;
		};
		3A1A56221A29D58900F75875 /* Release */ = {
			isa = XCBuildConfiguration;
			buildSettings = {
				ALWAYS_SEARCH_USER_PATHS = NO;
				CLANG_CXX_LANGUAGE_STANDARD = "gnu++0x";
				CLANG_CXX_LIBRARY = "libc++";
				CLANG_ENABLE_MODULES = YES;
				CLANG_ENABLE_OBJC_ARC = YES;
				CLANG_WARN_BOOL_CONVERSION = YES;
				CLANG_WARN_CONSTANT_CONVERSION = YES;
				CLANG_WARN_DIRECT_OBJC_ISA_USAGE = YES_ERROR;
				CLANG_WARN_EMPTY_BODY = YES;
				CLANG_WARN_ENUM_CONVERSION = YES;
				CLANG_WARN_INT_CONVERSION = YES;
				CLANG_WARN_OBJC_ROOT_CLASS = YES_ERROR;
				CLANG_WARN_UNREACHABLE_CODE = YES;
				CLANG_WARN__DUPLICATE_METHOD_MATCH = YES;
				"CODE_SIGN_IDENTITY[sdk=iphoneos*]" = "iPhone Developer";
				COPY_PHASE_STRIP = YES;
				ENABLE_NS_ASSERTIONS = NO;
				ENABLE_STRICT_OBJC_MSGSEND = YES;
				GCC_C_LANGUAGE_STANDARD = gnu99;
				GCC_WARN_64_TO_32_BIT_CONVERSION = YES;
				GCC_WARN_ABOUT_RETURN_TYPE = YES_ERROR;
				GCC_WARN_UNDECLARED_SELECTOR = YES;
				GCC_WARN_UNINITIALIZED_AUTOS = YES_AGGRESSIVE;
				GCC_WARN_UNUSED_FUNCTION = YES;
				GCC_WARN_UNUSED_VARIABLE = YES;
				IPHONEOS_DEPLOYMENT_TARGET = 8.1;
				MTL_ENABLE_DEBUG_INFO = NO;
				SDKROOT = iphoneos;
				VALIDATE_PRODUCT = YES;
			};
			name = Release;
		};
		3A1A56241A29D58900F75875 /* Debug */ = {
			isa = XCBuildConfiguration;
			baseConfigurationReference = EB944253B08D2E8F4B28EB5B /* Pods.debug.xcconfig */;
			buildSettings = {
				ASSETCATALOG_COMPILER_APPICON_NAME = AppIcon;
				GCC_PREFIX_HEADER = SugarBuddy/SugarBuddy.pch;
				INFOPLIST_FILE = SugarBuddy/Info.plist;
				LD_RUNPATH_SEARCH_PATHS = "$(inherited) @executable_path/Frameworks";
				PRODUCT_NAME = "$(TARGET_NAME)";
			};
			name = Debug;
		};
		3A1A56251A29D58900F75875 /* Release */ = {
			isa = XCBuildConfiguration;
			baseConfigurationReference = D7A214477B06C0EFAB81085D /* Pods.release.xcconfig */;
			buildSettings = {
				ASSETCATALOG_COMPILER_APPICON_NAME = AppIcon;
				GCC_PREFIX_HEADER = SugarBuddy/SugarBuddy.pch;
				INFOPLIST_FILE = SugarBuddy/Info.plist;
				LD_RUNPATH_SEARCH_PATHS = "$(inherited) @executable_path/Frameworks";
				PRODUCT_NAME = "$(TARGET_NAME)";
			};
			name = Release;
		};
		3A1A56271A29D58900F75875 /* Debug */ = {
			isa = XCBuildConfiguration;
			buildSettings = {
				BUNDLE_LOADER = "$(TEST_HOST)";
				FRAMEWORK_SEARCH_PATHS = (
					"$(SDKROOT)/Developer/Library/Frameworks",
					"$(inherited)",
				);
				GCC_PREPROCESSOR_DEFINITIONS = (
					"DEBUG=1",
					"$(inherited)",
				);
				INFOPLIST_FILE = SugarBuddyTests/Info.plist;
				LD_RUNPATH_SEARCH_PATHS = "$(inherited) @executable_path/Frameworks @loader_path/Frameworks";
				PRODUCT_NAME = "$(TARGET_NAME)";
				TEST_HOST = "$(BUILT_PRODUCTS_DIR)/SugarBuddy.app/SugarBuddy";
			};
			name = Debug;
		};
		3A1A56281A29D58900F75875 /* Release */ = {
			isa = XCBuildConfiguration;
			buildSettings = {
				BUNDLE_LOADER = "$(TEST_HOST)";
				FRAMEWORK_SEARCH_PATHS = (
					"$(SDKROOT)/Developer/Library/Frameworks",
					"$(inherited)",
				);
				INFOPLIST_FILE = SugarBuddyTests/Info.plist;
				LD_RUNPATH_SEARCH_PATHS = "$(inherited) @executable_path/Frameworks @loader_path/Frameworks";
				PRODUCT_NAME = "$(TARGET_NAME)";
				TEST_HOST = "$(BUILT_PRODUCTS_DIR)/SugarBuddy.app/SugarBuddy";
			};
			name = Release;
		};
/* End XCBuildConfiguration section */

/* Begin XCConfigurationList section */
		3A1A55FB1A29D58900F75875 /* Build configuration list for PBXProject "SugarBuddy" */ = {
			isa = XCConfigurationList;
			buildConfigurations = (
				3A1A56211A29D58900F75875 /* Debug */,
				3A1A56221A29D58900F75875 /* Release */,
			);
			defaultConfigurationIsVisible = 0;
			defaultConfigurationName = Release;
		};
		3A1A56231A29D58900F75875 /* Build configuration list for PBXNativeTarget "SugarBuddy" */ = {
			isa = XCConfigurationList;
			buildConfigurations = (
				3A1A56241A29D58900F75875 /* Debug */,
				3A1A56251A29D58900F75875 /* Release */,
			);
			defaultConfigurationIsVisible = 0;
			defaultConfigurationName = Release;
		};
		3A1A56261A29D58900F75875 /* Build configuration list for PBXNativeTarget "SugarBuddyTests" */ = {
			isa = XCConfigurationList;
			buildConfigurations = (
				3A1A56271A29D58900F75875 /* Debug */,
				3A1A56281A29D58900F75875 /* Release */,
			);
			defaultConfigurationIsVisible = 0;
			defaultConfigurationName = Release;
		};
/* End XCConfigurationList section */
	};
	rootObject = 3A1A55F81A29D58900F75875 /* Project object */;
}
